Microsoft Visual Studio Solution File, Format Version 12.00
# Visual Studio Version 17
VisualStudioVersion = 17.5.2.0
MinimumVisualStudioVersion = 10.0.40219.1
Project("{FAE04EC0-301F-11D3-BF4B-00C04F79EFBC}") = "SunriseCafe.Backend", "SunriseCafe.Backend.csproj", "{5B42928E-8E03-DE7C-6E07-C7A4D6B6284C}"
EndProject
Global
	GlobalSection(SolutionConfigurationPlatforms) = preSolution
		Debug|Any CPU = Debug|Any CPU
		Release|Any CPU = Release|Any CPU
	EndGlobalSection
	GlobalSection(ProjectConfigurationPlatforms) = postSolution
		{5B42928E-8E03-DE7C-6E07-C7A4D6B6284C}.Debug|Any CPU.ActiveCfg = Debug|Any CPU
		{5B42928E-8E03-DE7C-6E07-C7A4D6B6284C}.Debug|Any CPU.Build.0 = Debug|Any CPU
		{5B42928E-8E03-DE7C-6E07-C7A4D6B6284C}.Release|Any CPU.ActiveCfg = Release|Any CPU
		{5B42928E-8E03-DE7C-6E07-C7A4D6B6284C}.Release|Any CPU.Build.0 = Release|Any CPU
	EndGlobalSection
	GlobalSection(SolutionProperties) = preSolution
		HideSolutionNode = FALSE
	EndGlobalSection
	GlobalSection(ExtensibilityGlobals) = postSolution
		SolutionGuid = {C321B8EF-71EE-479C-B63F-EB3C1729EEEB}
	EndGlobalSection
EndGlobal
